{
  "pins" : [
    {
      "identity" : "tun2sockskit",
      "kind" : "remoteSourceControl",
      "location" : "https://github.com/alxpashinin/Tun2SocksKit",
      "state" : {
        "branch" : "master",
        "revision" : "3916b939a9459e707583440f52f28f2105b6e4dc"
      }
    }
  ],
  "version" : 2
}
